
Microsoft Visual Studio Solution File, Format Version 12.00
# Visual Studio Version 17
VisualStudioVersion = 17.14.36518.9 d17.14
MinimumVisualStudioVersion = 10.0.40219.1
Project("{FAE04EC0-301F-11D3-BF4B-00C04F79EFBC}") = "ProjetoADS", "ProjetoADS\ProjetoADS.csproj", "{DCF600F7-54FD-4F6C-AF25-1FDE566AACE8}"
EndProject
Global
	GlobalSection(SolutionConfigurationPlatforms) = preSolution
		Debug|Any CPU = Debug|Any CPU
		Release|Any CPU = Release|Any CPU
	EndGlobalSection
	GlobalSection(ProjectConfigurationPlatforms) = postSolution
		{DCF600F7-54FD-4F6C-AF25-1FDE566AACE8}.Debug|Any CPU.ActiveCfg = Debug|Any CPU
		{DCF600F7-54FD-4F6C-AF25-1FDE566AACE8}.Debug|Any CPU.Build.0 = Debug|Any CPU
		{DCF600F7-54FD-4F6C-AF25-1FDE566AACE8}.Release|Any CPU.ActiveCfg = Release|Any CPU
		{DCF600F7-54FD-4F6C-AF25-1FDE566AACE8}.Release|Any CPU.Build.0 = Release|Any CPU
	EndGlobalSection
	GlobalSection(SolutionProperties) = preSolution
		HideSolutionNode = FALSE
	EndGlobalSection
	GlobalSection(ExtensibilityGlobals) = postSolution
		SolutionGuid = {D3D7B129-AE92-4526-A91C-500C5B3D8EF9}
	EndGlobalSection
EndGlobal
